
Microsoft Visual Studio Solution File, Format Version 12.00
# Visual Studio 15
VisualStudioVersion = 15.0.28010.2016
MinimumVisualStudioVersion = 10.0.40219.1
Project("{FAE04EC0-301F-11D3-BF4B-00C04F79EFBC}") = "RabbitMQReiverCoreAPI", "RabbitMQReiverCoreAPI\RabbitMQReiverCoreAPI.csproj", "{D83808C8-0F9C-44C4-BB91-4FB69960EDAE}"
EndProject
Global
	GlobalSection(SolutionConfigurationPlatforms) = preSolution
		Debug|Any CPU = Debug|Any CPU
		Release|Any CPU = Release|Any CPU
	EndGlobalSection
	GlobalSection(ProjectConfigurationPlatforms) = postSolution
		{D83808C8-0F9C-44C4-BB91-4FB69960EDAE}.Debug|Any CPU.ActiveCfg = Debug|Any CPU
		{D83808C8-0F9C-44C4-BB91-4FB69960EDAE}.Debug|Any CPU.Build.0 = Debug|Any CPU
		{D83808C8-0F9C-44C4-BB91-4FB69960EDAE}.Release|Any CPU.ActiveCfg = Release|Any CPU
		{D83808C8-0F9C-44C4-BB91-4FB69960EDAE}.Release|Any CPU.Build.0 = Release|Any CPU
	EndGlobalSection
	GlobalSection(SolutionProperties) = preSolution
		HideSolutionNode = FALSE
	EndGlobalSection
	GlobalSection(ExtensibilityGlobals) = postSolution
		SolutionGuid = {6AA9DA3B-EEEA-41DB-9F1E-2386E901049D}
	EndGlobalSection
EndGlobal
